// !$*UTF8*$!
{
	archiveVersion = 1;
	classes = {
	};
	objectVersion = 46;
	objects = {

/* Begin PBXBuildFile section */
		1D60589F0D05DD5A006BFB54 /* Foundation.framework in Frameworks */ = {isa = PBXBuildFile; fileRef = 1D30AB110D05D00D00671497 /* Foundation.framework */; };
		1DF5F4E00D08C38300B7A737 /* UIKit.framework in Frameworks */ = {isa = PBXBuildFile; fileRef = 1DF5F4DF0D08C38300B7A737 /* UIKit.framework */; };
		288765A50DF7441C002DB57D /* CoreGraphics.framework in Frameworks */ = {isa = PBXBuildFile; fileRef = 288765A40DF7441C002DB57D /* CoreGraphics.framework */; };
		2B34730818A4563A00566F21 /* ReadMe.txt in Resources */ = {isa = PBXBuildFile; fileRef = 2B34730718A4563A00566F21 /* ReadMe.txt */; };
		2B638FCD18A1B917002D2702 /* Default-568h@2x.png in Resources */ = {isa = PBXBuildFile; fileRef = 2B638FCC18A1B917002D2702 /* Default-568h@2x.png */; };
		2B66420318A44C90002446EC /* avTouchViewController.xib in Resources */ = {isa = PBXBuildFile; fileRef = 2B6641FF18A44C90002446EC /* avTouchViewController.xib */; };
		2B66420418A44C90002446EC /* MainWindow.xib in Resources */ = {isa = PBXBuildFile; fileRef = 2B66420118A44C90002446EC /* MainWindow.xib */; };
		2BB1C79D12FCBCC2003504D0 /* sample2ch.m4a in Resources */ = {isa = PBXBuildFile; fileRef = 2BB1C79C12FCBCC2003504D0 /* sample2ch.m4a */; };
		D734A2101CA5646300BAFAA9 /* NumTypes+Conversion.swift in Sources */ = {isa = PBXBuildFile; fileRef = D734A20F1CA5646300BAFAA9 /* NumTypes+Conversion.swift */; };
		D77FF3D01A8F7A5E005B671C /* CALevelMeter.swift in Sources */ = {isa = PBXBuildFile; fileRef = D77FF3CF1A8F7A5E005B671C /* CALevelMeter.swift */; };
		D784C87B1A8FAB0200AB8573 /* avTouchController.swift in Sources */ = {isa = PBXBuildFile; fileRef = D784C87A1A8FAB0100AB8573 /* avTouchController.swift */; };
		D7A9A8C91A8EE9490025AEB9 /* MeterTable.swift in Sources */ = {isa = PBXBuildFile; fileRef = D7A9A8C81A8EE9490025AEB9 /* MeterTable.swift */; };
		D7A9A8CB1A8EFE3D0025AEB9 /* GLLevelMeter.swift in Sources */ = {isa = PBXBuildFile; fileRef = D7A9A8CA1A8EFE3D0025AEB9 /* GLLevelMeter.swift */; };
		D7A9A8CD1A8EFECF0025AEB9 /* LevelMeter.swift in Sources */ = {isa = PBXBuildFile; fileRef = D7A9A8CC1A8EFECF0025AEB9 /* LevelMeter.swift */; };
		D7FA1AAC1A8FCED30071E19F /* avTouchViewController.swift in Sources */ = {isa = PBXBuildFile; fileRef = D7FA1AAB1A8FCED30071E19F /* avTouchViewController.swift */; };
		D7FA1AAE1A8FD19B0071E19F /* avTouchAppDelegate.swift in Sources */ = {isa = PBXBuildFile; fileRef = D7FA1AAD1A8FD19B0071E19F /* avTouchAppDelegate.swift */; };
		F70B2C370F67152500808913 /* pause.png in Resources */ = {isa = PBXBuildFile; fileRef = F70B2C360F67152500808913 /* pause.png */; };
		F72E6A140F2E4BC60063DC01 /* forward.png in Resources */ = {isa = PBXBuildFile; fileRef = F72E6A0D0F2E4BC60063DC01 /* forward.png */; };
		F72E6A150F2E4BC60063DC01 /* play.png in Resources */ = {isa = PBXBuildFile; fileRef = F72E6A0E0F2E4BC60063DC01 /* play.png */; };
		F72E6A160F2E4BC60063DC01 /* rewind.png in Resources */ = {isa = PBXBuildFile; fileRef = F72E6A0F0F2E4BC60063DC01 /* rewind.png */; };
		F72E6A170F2E4BC60063DC01 /* sound_meter_background.png in Resources */ = {isa = PBXBuildFile; fileRef = F72E6A100F2E4BC60063DC01 /* sound_meter_background.png */; };
		F72E6A180F2E4BC60063DC01 /* sound_meter_glare.png in Resources */ = {isa = PBXBuildFile; fileRef = F72E6A110F2E4BC60063DC01 /* sound_meter_glare.png */; };
		F72E6A190F2E4BC60063DC01 /* volume_down.png in Resources */ = {isa = PBXBuildFile; fileRef = F72E6A120F2E4BC60063DC01 /* volume_down.png */; };
		F72E6A1A0F2E4BC60063DC01 /* volume_up.png in Resources */ = {isa = PBXBuildFile; fileRef = F72E6A130F2E4BC60063DC01 /* volume_up.png */; };
		F7502B920E773F5A00592D54 /* sample.m4a in Resources */ = {isa = PBXBuildFile; fileRef = F7502B910E773F5A00592D54 /* sample.m4a */; };
		F768E6710E7859DD00715E09 /* OpenGLES.framework in Frameworks */ = {isa = PBXBuildFile; fileRef = F768E6700E7859DD00715E09 /* OpenGLES.framework */; };
		F768E6770E7859F000715E09 /* QuartzCore.framework in Frameworks */ = {isa = PBXBuildFile; fileRef = F768E6760E7859F000715E09 /* QuartzCore.framework */; };
		F7BEC5F30E95414B00E56EE2 /* AVFoundation.framework in Frameworks */ = {isa = PBXBuildFile; fileRef = F7BEC5F20E95414B00E56EE2 /* AVFoundation.framework */; };
		F7C742080EA7FAE100657C30 /* icon.png in Resources */ = {isa = PBXBuildFile; fileRef = F7C741C20EA7F7CE00657C30 /* icon.png */; };
		F7C81C5E1015272A00E57710 /* AudioToolbox.framework in Frameworks */ = {isa = PBXBuildFile; fileRef = F7C81C5D1015272A00E57710 /* AudioToolbox.framework */; };
/* End PBXBuildFile section */

/* Begin PBXFileReference section */
		1D30AB110D05D00D00671497 /* Foundation.framework */ = {isa = PBXFileReference; lastKnownFileType = wrapper.framework; name = Foundation.framework; path = System/Library/Frameworks/Foundation.framework; sourceTree = SDKROOT; };
		1D6058910D05DD3D006BFB54 /* avTouch.app */ = {isa = PBXFileReference; explicitFileType = wrapper.application; includeInIndex = 0; path = avTouch.app; sourceTree = BUILT_PRODUCTS_DIR; };
		1DF5F4DF0D08C38300B7A737 /* UIKit.framework */ = {isa = PBXFileReference; lastKnownFileType = wrapper.framework; name = UIKit.framework; path = System/Library/Frameworks/UIKit.framework; sourceTree = SDKROOT; };
		288765A40DF7441C002DB57D /* CoreGraphics.framework */ = {isa = PBXFileReference; lastKnownFileType = wrapper.framework; name = CoreGraphics.framework; path = System/Library/Frameworks/CoreGraphics.framework; sourceTree = SDKROOT; };
		2B34730718A4563A00566F21 /* ReadMe.txt */ = {isa = PBXFileReference; fileEncoding = 4; lastKnownFileType = text; path = ReadMe.txt; sourceTree = "<group>"; };
		2B638FCC18A1B917002D2702 /* Default-568h@2x.png */ = {isa = PBXFileReference; lastKnownFileType = image.png; path = "Default-568h@2x.png"; sourceTree = "<group>"; };
		2B66420018A44C90002446EC /* en */ = {isa = PBXFileReference; lastKnownFileType = file.xib; name = en; path = en.lproj/avTouchViewController.xib; sourceTree = SOURCE_ROOT; };
		2B66420218A44C90002446EC /* en */ = {isa = PBXFileReference; lastKnownFileType = file.xib; name = en; path = en.lproj/MainWindow.xib; sourceTree = SOURCE_ROOT; };
		2BB1C79C12FCBCC2003504D0 /* sample2ch.m4a */ = {isa = PBXFileReference; lastKnownFileType = file; path = sample2ch.m4a; sourceTree = "<group>"; };
		8D1107310486CEB800E47090 /* Info.plist */ = {isa = PBXFileReference; fileEncoding = 4; lastKnownFileType = text.plist.xml; path = Info.plist; sourceTree = "<group>"; };
		D734A20F1CA5646300BAFAA9 /* NumTypes+Conversion.swift */ = {isa = PBXFileReference; fileEncoding = 4; lastKnownFileType = sourcecode.swift; path = "NumTypes+Conversion.swift"; sourceTree = "<group>"; };
		D77FF3CF1A8F7A5E005B671C /* CALevelMeter.swift */ = {isa = PBXFileReference; fileEncoding = 4; lastKnownFileType = sourcecode.swift; path = CALevelMeter.swift; sourceTree = "<group>"; };
		D784C87A1A8FAB0100AB8573 /* avTouchController.swift */ = {isa = PBXFileReference; fileEncoding = 4; lastKnownFileType = sourcecode.swift; path = avTouchController.swift; sourceTree = "<group>"; };
		D7A9A8C81A8EE9490025AEB9 /* MeterTable.swift */ = {isa = PBXFileReference; fileEncoding = 4; lastKnownFileType = sourcecode.swift; path = MeterTable.swift; sourceTree = "<group>"; };
		D7A9A8CA1A8EFE3D0025AEB9 /* GLLevelMeter.swift */ = {isa = PBXFileReference; fileEncoding = 4; lastKnownFileType = sourcecode.swift; path = GLLevelMeter.swift; sourceTree = "<group>"; };
		D7A9A8CC1A8EFECF0025AEB9 /* LevelMeter.swift */ = {isa = PBXFileReference; fileEncoding = 4; lastKnownFileType = sourcecode.swift; path = LevelMeter.swift; sourceTree = "<group>"; };
		D7FA1AAB1A8FCED30071E19F /* avTouchViewController.swift */ = {isa = PBXFileReference; fileEncoding = 4; lastKnownFileType = sourcecode.swift; path = avTouchViewController.swift; sourceTree = "<group>"; };
		D7FA1AAD1A8FD19B0071E19F /* avTouchAppDelegate.swift */ = {isa = PBXFileReference; fileEncoding = 4; lastKnownFileType = sourcecode.swift; path = avTouchAppDelegate.swift; sourceTree = "<group>"; };
		D7FA1AAF1A8FDA770071E19F /* README.md */ = {isa = PBXFileReference; fileEncoding = 4; lastKnownFileType = net.daringfireball.markdown; path = README.md; sourceTree = "<group>"; };
		F70B2C360F67152500808913 /* pause.png */ = {isa = PBXFileReference; lastKnownFileType = image.png; path = pause.png; sourceTree = "<group>"; };
		F72E6A0D0F2E4BC60063DC01 /* forward.png */ = {isa = PBXFileReference; lastKnownFileType = image.png; path = forward.png; sourceTree = "<group>"; };
		F72E6A0E0F2E4BC60063DC01 /* play.png */ = {isa = PBXFileReference; lastKnownFileType = image.png; path = play.png; sourceTree = "<group>"; };
		F72E6A0F0F2E4BC60063DC01 /* rewind.png */ = {isa = PBXFileReference; lastKnownFileType = image.png; path = rewind.png; sourceTree = "<group>"; };
		F72E6A100F2E4BC60063DC01 /* sound_meter_background.png */ = {isa = PBXFileReference; lastKnownFileType = image.png; path = sound_meter_background.png; sourceTree = "<group>"; };
		F72E6A110F2E4BC60063DC01 /* sound_meter_glare.png */ = {isa = PBXFileReference; lastKnownFileType = image.png; path = sound_meter_glare.png; sourceTree = "<group>"; };
		F72E6A120F2E4BC60063DC01 /* volume_down.png */ = {isa = PBXFileReference; lastKnownFileType = image.png; path = volume_down.png; sourceTree = "<group>"; };
		F72E6A130F2E4BC60063DC01 /* volume_up.png */ = {isa = PBXFileReference; lastKnownFileType = image.png; path = volume_up.png; sourceTree = "<group>"; };
		F7502B910E773F5A00592D54 /* sample.m4a */ = {isa = PBXFileReference; lastKnownFileType = file; path = sample.m4a; sourceTree = "<group>"; };
		F768E6700E7859DD00715E09 /* OpenGLES.framework */ = {isa = PBXFileReference; lastKnownFileType = wrapper.framework; name = OpenGLES.framework; path = System/Library/Frameworks/OpenGLES.framework; sourceTree = SDKROOT; };
		F768E6760E7859F000715E09 /* QuartzCore.framework */ = {isa = PBXFileReference; lastKnownFileType = wrapper.framework; name = QuartzCore.framework; path = System/Library/Frameworks/QuartzCore.framework; sourceTree = SDKROOT; };
		F7BEC5F20E95414B00E56EE2 /* AVFoundation.framework */ = {isa = PBXFileReference; lastKnownFileType = wrapper.framework; name = AVFoundation.framework; path = System/Library/Frameworks/AVFoundation.framework; sourceTree = SDKROOT; };
		F7C741C20EA7F7CE00657C30 /* icon.png */ = {isa = PBXFileReference; lastKnownFileType = image.png; path = icon.png; sourceTree = "<group>"; };
		F7C81C5D1015272A00E57710 /* AudioToolbox.framework */ = {isa = PBXFileReference; lastKnownFileType = wrapper.framework; name = AudioToolbox.framework; path = System/Library/Frameworks/AudioToolbox.framework; sourceTree = SDKROOT; };
/* End PBXFileReference section */

/* Begin PBXFrameworksBuildPhase section */
		1D60588F0D05DD3D006BFB54 /* Frameworks */ = {
			isa = PBXFrameworksBuildPhase;
			buildActionMask = 2147483647;
			files = (
				1D60589F0D05DD5A006BFB54 /* Foundation.framework in Frameworks */,
				1DF5F4E00D08C38300B7A737 /* UIKit.framework in Frameworks */,
				288765A50DF7441C002DB57D /* CoreGraphics.framework in Frameworks */,
				F768E6710E7859DD00715E09 /* OpenGLES.framework in Frameworks */,
				F768E6770E7859F000715E09 /* QuartzCore.framework in Frameworks */,
				F7BEC5F30E95414B00E56EE2 /* AVFoundation.framework in Frameworks */,
				F7C81C5E1015272A00E57710 /* AudioToolbox.framework in Frameworks */,
			);
			runOnlyForDeploymentPostprocessing = 0;
		};
/* End PBXFrameworksBuildPhase section */

/* Begin PBXGroup section */
		080E96DDFE201D6D7F000001 /* Classes */ = {
			isa = PBXGroup;
			children = (
				F768E61D0E7852ED00715E09 /* AudioViews */,
				D7FA1AAD1A8FD19B0071E19F /* avTouchAppDelegate.swift */,
				D7FA1AAB1A8FCED30071E19F /* avTouchViewController.swift */,
				D784C87A1A8FAB0100AB8573 /* avTouchController.swift */,
			);
			path = Classes;
			sourceTree = "<group>";
		};
		19C28FACFE9D520D11CA2CBB /* Products */ = {
			isa = PBXGroup;
			children = (
				1D6058910D05DD3D006BFB54 /* avTouch.app */,
			);
			name = Products;
			sourceTree = "<group>";
		};
		29B97314FDCFA39411CA2CEA /* CustomTemplate */ = {
			isa = PBXGroup;
			children = (
				D7FA1AAF1A8FDA770071E19F /* README.md */,
				2B34730718A4563A00566F21 /* ReadMe.txt */,
				080E96DDFE201D6D7F000001 /* Classes */,
				29B97315FDCFA39411CA2CEA /* Other Sources */,
				29B97317FDCFA39411CA2CEA /* Resources */,
				29B97323FDCFA39411CA2CEA /* Frameworks */,
				19C28FACFE9D520D11CA2CBB /* Products */,
			);
			name = CustomTemplate;
			sourceTree = "<group>";
		};
		29B97315FDCFA39411CA2CEA /* Other Sources */ = {
			isa = PBXGroup;
			children = (
				D76C9C041A8F61330063F8F5 /* OOPUtils */,
				D7A9A8C81A8EE9490025AEB9 /* MeterTable.swift */,
			);
			name = "Other Sources";
			sourceTree = "<group>";
		};
		29B97317FDCFA39411CA2CEA /* Resources */ = {
			isa = PBXGroup;
			children = (
				F7C741C20EA7F7CE00657C30 /* icon.png */,
				F775554C0E77297300A99FCA /* audio */,
				F775553A0E77272200A99FCA /* images */,
				2B6641FF18A44C90002446EC /* avTouchViewController.xib */,
				2B66420118A44C90002446EC /* MainWindow.xib */,
				8D1107310486CEB800E47090 /* Info.plist */,
				2B638FCC18A1B917002D2702 /* Default-568h@2x.png */,
			);
			name = Resources;
			sourceTree = "<group>";
		};
		29B97323FDCFA39411CA2CEA /* Frameworks */ = {
			isa = PBXGroup;
			children = (
				F7C81C5D1015272A00E57710 /* AudioToolbox.framework */,
				F7BEC5F20E95414B00E56EE2 /* AVFoundation.framework */,
				F768E6760E7859F000715E09 /* QuartzCore.framework */,
				F768E6700E7859DD00715E09 /* OpenGLES.framework */,
				1DF5F4DF0D08C38300B7A737 /* UIKit.framework */,
				1D30AB110D05D00D00671497 /* Foundation.framework */,
				288765A40DF7441C002DB57D /* CoreGraphics.framework */,
			);
			name = Frameworks;
			sourceTree = "<group>";
		};
		D76C9C041A8F61330063F8F5 /* OOPUtils */ = {
			isa = PBXGroup;
			children = (
				D734A20F1CA5646300BAFAA9 /* NumTypes+Conversion.swift */,
			);
			name = OOPUtils;
			sourceTree = "<group>";
		};
		F768E61D0E7852ED00715E09 /* AudioViews */ = {
			isa = PBXGroup;
			children = (
				D77FF3CF1A8F7A5E005B671C /* CALevelMeter.swift */,
				D7A9A8CA1A8EFE3D0025AEB9 /* GLLevelMeter.swift */,
				D7A9A8CC1A8EFECF0025AEB9 /* LevelMeter.swift */,
			);
			name = AudioViews;
			sourceTree = "<group>";
		};
		F775553A0E77272200A99FCA /* images */ = {
			isa = PBXGroup;
			children = (
				F70B2C360F67152500808913 /* pause.png */,
				F72E6A0D0F2E4BC60063DC01 /* forward.png */,
				F72E6A0E0F2E4BC60063DC01 /* play.png */,
				F72E6A0F0F2E4BC60063DC01 /* rewind.png */,
				F72E6A100F2E4BC60063DC01 /* sound_meter_background.png */,
				F72E6A110F2E4BC60063DC01 /* sound_meter_glare.png */,
				F72E6A120F2E4BC60063DC01 /* volume_down.png */,
				F72E6A130F2E4BC60063DC01 /* volume_up.png */,
			);
			path = images;
			sourceTree = "<group>";
		};
		F775554C0E77297300A99FCA /* audio */ = {
			isa = PBXGroup;
			children = (
				F7502B910E773F5A00592D54 /* sample.m4a */,
				2BB1C79C12FCBCC2003504D0 /* sample2ch.m4a */,
			);
			name = audio;
			sourceTree = "<group>";
		};
/* End PBXGroup section */

/* Begin PBXNativeTarget section */
		1D6058900D05DD3D006BFB54 /* avTouch */ = {
			isa = PBXNativeTarget;
			buildConfigurationList = 1D6058960D05DD3E006BFB54 /* Build configuration list for PBXNativeTarget "avTouch" */;
			buildPhases = (
				1D60588D0D05DD3D006BFB54 /* Resources */,
				1D60588E0D05DD3D006BFB54 /* Sources */,
				1D60588F0D05DD3D006BFB54 /* Frameworks */,
			);
			buildRules = (
			);
			dependencies = (
			);
			name = avTouch;
			productName = avTouch;
			productReference = 1D6058910D05DD3D006BFB54 /* avTouch.app */;
			productType = "com.apple.product-type.application";
		};
/* End PBXNativeTarget section */

/* Begin PBXProject section */
		29B97313FDCFA39411CA2CEA /* Project object */ = {
			isa = PBXProject;
			attributes = {
				LastSwiftUpdateCheck = 0700;
				LastUpgradeCheck = 0700;
			};
			buildConfigurationList = C01FCF4E08A954540054247B /* Build configuration list for PBXProject "avTouch" */;
			compatibilityVersion = "Xcode 3.2";
			developmentRegion = English;
			hasScannedForEncodings = 1;
			knownRegions = (
				English,
				Japanese,
				French,
				German,
				en,
			);
			mainGroup = 29B97314FDCFA39411CA2CEA /* CustomTemplate */;
			projectDirPath = "";
			projectRoot = "";
			targets = (
				1D6058900D05DD3D006BFB54 /* avTouch */,
			);
		};
/* End PBXProject section */

/* Begin PBXResourcesBuildPhase section */
		1D60588D0D05DD3D006BFB54 /* Resources */ = {
			isa = PBXResourcesBuildPhase;
			buildActionMask = 2147483647;
			files = (
				F7502B920E773F5A00592D54 /* sample.m4a in Resources */,
				F7C742080EA7FAE100657C30 /* icon.png in Resources */,
				F72E6A140F2E4BC60063DC01 /* forward.png in Resources */,
				F72E6A150F2E4BC60063DC01 /* play.png in Resources */,
				F72E6A160F2E4BC60063DC01 /* rewind.png in Resources */,
				F72E6A170F2E4BC60063DC01 /* sound_meter_background.png in Resources */,
				2B638FCD18A1B917002D2702 /* Default-568h@2x.png in Resources */,
				F72E6A180F2E4BC60063DC01 /* sound_meter_glare.png in Resources */,
				F72E6A190F2E4BC60063DC01 /* volume_down.png in Resources */,
				F72E6A1A0F2E4BC60063DC01 /* volume_up.png in Resources */,
				2B66420418A44C90002446EC /* MainWindow.xib in Resources */,
				2B66420318A44C90002446EC /* avTouchViewController.xib in Resources */,
				F70B2C370F67152500808913 /* pause.png in Resources */,
				2B34730818A4563A00566F21 /* ReadMe.txt in Resources */,
				2BB1C79D12FCBCC2003504D0 /* sample2ch.m4a in Resources */,
			);
			runOnlyForDeploymentPostprocessing = 0;
		};
/* End PBXResourcesBuildPhase section */

/* Begin PBXSourcesBuildPhase section */
		1D60588E0D05DD3D006BFB54 /* Sources */ = {
			isa = PBXSourcesBuildPhase;
			buildActionMask = 2147483647;
			files = (
				D7A9A8C91A8EE9490025AEB9 /* MeterTable.swift in Sources */,
				D7A9A8CD1A8EFECF0025AEB9 /* LevelMeter.swift in Sources */,
				D734A2101CA5646300BAFAA9 /* NumTypes+Conversion.swift in Sources */,
				D7FA1AAC1A8FCED30071E19F /* avTouchViewController.swift in Sources */,
				D784C87B1A8FAB0200AB8573 /* avTouchController.swift in Sources */,
				D7FA1AAE1A8FD19B0071E19F /* avTouchAppDelegate.swift in Sources */,
				D7A9A8CB1A8EFE3D0025AEB9 /* GLLevelMeter.swift in Sources */,
				D77FF3D01A8F7A5E005B671C /* CALevelMeter.swift in Sources */,
			);
			runOnlyForDeploymentPostprocessing = 0;
		};
/* End PBXSourcesBuildPhase section */

/* Begin PBXVariantGroup section */
		2B6641FF18A44C90002446EC /* avTouchViewController.xib */ = {
			isa = PBXVariantGroup;
			children = (
				2B66420018A44C90002446EC /* en */,
			);
			name = avTouchViewController.xib;
			path = images;
			sourceTree = "<group>";
		};
		2B66420118A44C90002446EC /* MainWindow.xib */ = {
			isa = PBXVariantGroup;
			children = (
				2B66420218A44C90002446EC /* en */,
			);
			name = MainWindow.xib;
			path = images;
			sourceTree = "<group>";
		};
/* End PBXVariantGroup section */

/* Begin XCBuildConfiguration section */
		1D6058940D05DD3E006BFB54 /* Debug */ = {
			isa = XCBuildConfiguration;
			buildSettings = {
				ALWAYS_SEARCH_USER_PATHS = NO;
				CLANG_ENABLE_MODULES = YES;
				COPY_PHASE_STRIP = NO;
				GCC_DYNAMIC_NO_PIC = NO;
				GCC_OPTIMIZATION_LEVEL = 0;
				GCC_PRECOMPILE_PREFIX_HEADER = YES;
				GCC_PREFIX_HEADER = avTouch_Prefix.pch;
				INFOPLIST_FILE = Info.plist;
				IPHONEOS_DEPLOYMENT_TARGET = 7.0;
				LD_RUNPATH_SEARCH_PATHS = "$(inherited) @executable_path/Frameworks";
				PRODUCT_BUNDLE_IDENTIFIER = "com.yourcompany.${PRODUCT_NAME:rfc1034identifier}";
				PRODUCT_NAME = avTouch;
				SWIFT_OPTIMIZATION_LEVEL = "-Onone";
			};
			name = Debug;
		};
		1D6058950D05DD3E006BFB54 /* Release */ = {
			isa = XCBuildConfiguration;
			buildSettings = {
				ALWAYS_SEARCH_USER_PATHS = NO;
				CLANG_ENABLE_MODULES = YES;
				COPY_PHASE_STRIP = YES;
				GCC_PRECOMPILE_PREFIX_HEADER = YES;
				GCC_PREFIX_HEADER = avTouch_Prefix.pch;
				INFOPLIST_FILE = Info.plist;
				IPHONEOS_DEPLOYMENT_TARGET = 7.0;
				LD_RUNPATH_SEARCH_PATHS = "$(inherited) @executable_path/Frameworks";
				PRODUCT_BUNDLE_IDENTIFIER = "com.yourcompany.${PRODUCT_NAME:rfc1034identifier}";
				PRODUCT_NAME = avTouch;
			};
			name = Release;
		};
		C01FCF4F08A954540054247B /* Debug */ = {
			isa = XCBuildConfiguration;
			buildSettings = {
				CODE_SIGN_IDENTITY = "iPhone Developer";
				ENABLE_TESTABILITY = YES;
				GCC_C_LANGUAGE_STANDARD = c99;
				GCC_WARN_ABOUT_RETURN_TYPE = YES;
				GCC_WARN_UNUSED_VARIABLE = YES;
				IPHONEOS_DEPLOYMENT_TARGET = 7.0;
				ONLY_ACTIVE_ARCH = YES;
				PREBINDING = NO;
				PROVISIONING_PROFILE = "";
				RUN_CLANG_STATIC_ANALYZER = YES;
				SDKROOT = iphoneos;
			};
			name = Debug;
		};
		C01FCF5008A954540054247B /* Release */ = {
			isa = XCBuildConfiguration;
			buildSettings = {
				CODE_SIGN_IDENTITY = "iPhone Developer";
				GCC_C_LANGUAGE_STANDARD = c99;
				GCC_WARN_ABOUT_RETURN_TYPE = YES;
				GCC_WARN_UNUSED_VARIABLE = YES;
				IPHONEOS_DEPLOYMENT_TARGET = 7.0;
				PREBINDING = NO;
				PROVISIONING_PROFILE = "";
				RUN_CLANG_STATIC_ANALYZER = YES;
				SDKROOT = iphoneos;
			};
			name = Release;
		};
/* End XCBuildConfiguration section */

/* Begin XCConfigurationList section */
		1D6058960D05DD3E006BFB54 /* Build configuration list for PBXNativeTarget "avTouch" */ = {
			isa = XCConfigurationList;
			buildConfigurations = (
				1D6058940D05DD3E006BFB54 /* Debug */,
				1D6058950D05DD3E006BFB54 /* Release */,
			);
			defaultConfigurationIsVisible = 0;
			defaultConfigurationName = Release;
		};
		C01FCF4E08A954540054247B /* Build configuration list for PBXProject "avTouch" */ = {
			isa = XCConfigurationList;
			buildConfigurations = (
				C01FCF4F08A954540054247B /* Debug */,
				C01FCF5008A954540054247B /* Release */,
			);
			defaultConfigurationIsVisible = 0;
			defaultConfigurationName = Release;
		};
/* End XCConfigurationList section */
	};
	rootObject = 29B97313FDCFA39411CA2CEA /* Project object */;
}
